
Microsoft Visual Studio Solution File, Format Version 12.00
# Visual Studio Version 16
VisualStudioVersion = 16.0.32228.343
MinimumVisualStudioVersion = 10.0.40219.1
Project("{FAE04EC0-301F-11D3-BF4B-00C04F79EFBC}") = "KreditModul", "KreditModul\KreditModul.csproj", "{DB46E571-BCA2-4A79-AE1B-BBAE98C61B32}"
EndProject
Global
	GlobalSection(SolutionConfigurationPlatforms) = preSolution
		Debug|Any CPU = Debug|Any CPU
		Release|Any CPU = Release|Any CPU
	EndGlobalSection
	GlobalSection(ProjectConfigurationPlatforms) = postSolution
		{DB46E571-BCA2-4A79-AE1B-BBAE98C61B32}.Debug|Any CPU.ActiveCfg = Debug|Any CPU
		{DB46E571-BCA2-4A79-AE1B-BBAE98C61B32}.Debug|Any CPU.Build.0 = Debug|Any CPU
		{DB46E571-BCA2-4A79-AE1B-BBAE98C61B32}.Release|Any CPU.ActiveCfg = Release|Any CPU
		{DB46E571-BCA2-4A79-AE1B-BBAE98C61B32}.Release|Any CPU.Build.0 = Release|Any CPU
	EndGlobalSection
	GlobalSection(SolutionProperties) = preSolution
		HideSolutionNode = FALSE
	EndGlobalSection
	GlobalSection(ExtensibilityGlobals) = postSolution
		SolutionGuid = {CCFC61F7-09A5-45A6-99D8-CC867C5CC7E5}
	EndGlobalSection
EndGlobal
